
Microsoft Visual Studio Solution File, Format Version 12.00
# Visual Studio Version 16
VisualStudioVersion = 16.0.31112.23
MinimumVisualStudioVersion = 10.0.40219.1
Project("{9A19103F-16F7-4668-BE54-9A1E7A4F7556}") = "Guth.OpenTrivia.GrainInterfaces", "Guth.OpenTrivia.GrainInterfaces.csproj", "{1AC2F775-95F3-4D31-A5D5-0B967B56A37E}"
EndProject
Project("{9A19103F-16F7-4668-BE54-9A1E7A4F7556}") = "Guth.OpenTrivia.Abstractions", "..\Guth.OpenTrivia.Abstractions\Guth.OpenTrivia.Abstractions.csproj", "{BCD2E26A-37F3-45BB-932D-0DC77554811A}"
EndProject
Global
	GlobalSection(SolutionConfigurationPlatforms) = preSolution
		Debug|Any CPU = Debug|Any CPU
		Release|Any CPU = Release|Any CPU
	EndGlobalSection
	GlobalSection(ProjectConfigurationPlatforms) = postSolution
		{1AC2F775-95F3-4D31-A5D5-0B967B56A37E}.Debug|Any CPU.ActiveCfg = Debug|Any CPU
		{1AC2F775-95F3-4D31-A5D5-0B967B56A37E}.Debug|Any CPU.Build.0 = Debug|Any CPU
		{1AC2F775-95F3-4D31-A5D5-0B967B56A37E}.Release|Any CPU.ActiveCfg = Release|Any CPU
		{1AC2F775-95F3-4D31-A5D5-0B967B56A37E}.Release|Any CPU.Build.0 = Release|Any CPU
		{BCD2E26A-37F3-45BB-932D-0DC77554811A}.Debug|Any CPU.ActiveCfg = Debug|Any CPU
		{BCD2E26A-37F3-45BB-932D-0DC77554811A}.Debug|Any CPU.Build.0 = Debug|Any CPU
		{BCD2E26A-37F3-45BB-932D-0DC77554811A}.Release|Any CPU.ActiveCfg = Release|Any CPU
		{BCD2E26A-37F3-45BB-932D-0DC77554811A}.Release|Any CPU.Build.0 = Release|Any CPU
	EndGlobalSection
	GlobalSection(SolutionProperties) = preSolution
		HideSolutionNode = FALSE
	EndGlobalSection
	GlobalSection(ExtensibilityGlobals) = postSolution
		SolutionGuid = {30DA62B8-0D8A-4A95-B144-4A82D0141284}
	EndGlobalSection
EndGlobal
