Microsoft Visual Studio Solution File, Format Version 12.00
# Visual Studio Version 16
VisualStudioVersion = 16.0.31112.23
MinimumVisualStudioVersion = 10.0.40219.1
Project("{9A19103F-16F7-4668-BE54-9A1E7A4F7556}") = "Guth.OpenTrivia.Client", "Guth.OpenTrivia.Client\Guth.OpenTrivia.Client\Guth.OpenTrivia.Client.csproj", "{1A4188B1-A077-40F4-A1D0-2EBA8C82705A}"
EndProject
Project("{9A19103F-16F7-4668-BE54-9A1E7A4F7556}") = "Guth.OpenTrivia.Abstractions", "Guth.OpenTrivia.Abstractions\Guth.OpenTrivia.Abstractions.csproj", "{4418882B-7E0E-4647-8338-2876CCA83AE9}"
EndProject
Project("{9A19103F-16F7-4668-BE54-9A1E7A4F7556}") = "Guth.OpenTrivia.WebApp", "Guth.OpenTrivia.WebApp\Guth.OpenTrivia.WebApp.csproj", "{9C956B00-28A2-48C8-A0F0-8CCE2FE4077B}"
EndProject
Project("{9A19103F-16F7-4668-BE54-9A1E7A4F7556}") = "Guth.OpenTrivia.FirebaseDB", "Guth.OpenTrivia.FirebaseDB\Guth.OpenTrivia.FirebaseDB.csproj", "{DBE07E5A-256D-4083-AB3F-D8338A3FE7B7}"
EndProject
Global
	GlobalSection(SolutionConfigurationPlatforms) = preSolution
		Debug|Any CPU = Debug|Any CPU
		Release|Any CPU = Release|Any CPU
	EndGlobalSection
	GlobalSection(ProjectConfigurationPlatforms) = postSolution
		{1A4188B1-A077-40F4-A1D0-2EBA8C82705A}.Debug|Any CPU.ActiveCfg = Debug|Any CPU
		{1A4188B1-A077-40F4-A1D0-2EBA8C82705A}.Debug|Any CPU.Build.0 = Debug|Any CPU
		{1A4188B1-A077-40F4-A1D0-2EBA8C82705A}.Release|Any CPU.ActiveCfg = Release|Any CPU
		{1A4188B1-A077-40F4-A1D0-2EBA8C82705A}.Release|Any CPU.Build.0 = Release|Any CPU
		{4418882B-7E0E-4647-8338-2876CCA83AE9}.Debug|Any CPU.ActiveCfg = Debug|Any CPU
		{4418882B-7E0E-4647-8338-2876CCA83AE9}.Debug|Any CPU.Build.0 = Debug|Any CPU
		{4418882B-7E0E-4647-8338-2876CCA83AE9}.Release|Any CPU.ActiveCfg = Release|Any CPU
		{4418882B-7E0E-4647-8338-2876CCA83AE9}.Release|Any CPU.Build.0 = Release|Any CPU
		{9C956B00-28A2-48C8-A0F0-8CCE2FE4077B}.Debug|Any CPU.ActiveCfg = Debug|Any CPU
		{9C956B00-28A2-48C8-A0F0-8CCE2FE4077B}.Debug|Any CPU.Build.0 = Debug|Any CPU
		{9C956B00-28A2-48C8-A0F0-8CCE2FE4077B}.Release|Any CPU.ActiveCfg = Release|Any CPU
		{9C956B00-28A2-48C8-A0F0-8CCE2FE4077B}.Release|Any CPU.Build.0 = Release|Any CPU
		{DBE07E5A-256D-4083-AB3F-D8338A3FE7B7}.Debug|Any CPU.ActiveCfg = Debug|Any CPU
		{DBE07E5A-256D-4083-AB3F-D8338A3FE7B7}.Debug|Any CPU.Build.0 = Debug|Any CPU
		{DBE07E5A-256D-4083-AB3F-D8338A3FE7B7}.Release|Any CPU.ActiveCfg = Release|Any CPU
		{DBE07E5A-256D-4083-AB3F-D8338A3FE7B7}.Release|Any CPU.Build.0 = Release|Any CPU
	EndGlobalSection
	GlobalSection(SolutionProperties) = preSolution
		HideSolutionNode = FALSE
	EndGlobalSection
	GlobalSection(ExtensibilityGlobals) = postSolution
		SolutionGuid = {AB47A3C2-14CE-4829-800E-E2394B27E5DF}
	EndGlobalSection
EndGlobal
