
Microsoft Visual Studio Solution File, Format Version 12.00
# Visual Studio Version 16
VisualStudioVersion = 16.0.31112.23
MinimumVisualStudioVersion = 10.0.40219.1
Project("{FAE04EC0-301F-11D3-BF4B-00C04F79EFBC}") = "Guth.OpenTrivia.Client", "Guth.OpenTrivia.Client\Guth.OpenTrivia.Client.csproj", "{909FFC16-DF61-4CDC-B10C-7E9C58EF6B0F}"
EndProject
Project("{FAE04EC0-301F-11D3-BF4B-00C04F79EFBC}") = "Guth.OpenTrivia.Client.Tests", "Guth.OpenTrivia.Client.Tests\Guth.OpenTrivia.Client.Tests.csproj", "{1A0FA217-0E8D-4A28-A3EC-3FEBB9FFF718}"
EndProject
Global
	GlobalSection(SolutionConfigurationPlatforms) = preSolution
		Debug|Any CPU = Debug|Any CPU
		Release|Any CPU = Release|Any CPU
	EndGlobalSection
	GlobalSection(ProjectConfigurationPlatforms) = postSolution
		{909FFC16-DF61-4CDC-B10C-7E9C58EF6B0F}.Debug|Any CPU.ActiveCfg = Debug|Any CPU
		{909FFC16-DF61-4CDC-B10C-7E9C58EF6B0F}.Debug|Any CPU.Build.0 = Debug|Any CPU
		{909FFC16-DF61-4CDC-B10C-7E9C58EF6B0F}.Release|Any CPU.ActiveCfg = Release|Any CPU
		{909FFC16-DF61-4CDC-B10C-7E9C58EF6B0F}.Release|Any CPU.Build.0 = Release|Any CPU
		{1A0FA217-0E8D-4A28-A3EC-3FEBB9FFF718}.Debug|Any CPU.ActiveCfg = Debug|Any CPU
		{1A0FA217-0E8D-4A28-A3EC-3FEBB9FFF718}.Debug|Any CPU.Build.0 = Debug|Any CPU
		{1A0FA217-0E8D-4A28-A3EC-3FEBB9FFF718}.Release|Any CPU.ActiveCfg = Release|Any CPU
		{1A0FA217-0E8D-4A28-A3EC-3FEBB9FFF718}.Release|Any CPU.Build.0 = Release|Any CPU
	EndGlobalSection
	GlobalSection(SolutionProperties) = preSolution
		HideSolutionNode = FALSE
	EndGlobalSection
	GlobalSection(ExtensibilityGlobals) = postSolution
		SolutionGuid = {F7A6D6DD-A77F-49AE-B32C-49F025DF716E}
	EndGlobalSection
EndGlobal
